// !$*UTF8*$!
{
	archiveVersion = 1;
	classes = {
	};
	objectVersion = 48;
	objects = {

/* Begin PBXBuildFile section */
		17A86149DF2365FCF9BB5BF2 /* Pods_TraumaManualUITests.framework in Frameworks */ = {isa = PBXBuildFile; fileRef = 92F0590E28A6FC6F7C459DFA /* Pods_TraumaManualUITests.framework */; };
		4F3D9347B9208F5C81AFF4EE /* Pods_TraumaManualTests.framework in Frameworks */ = {isa = PBXBuildFile; fileRef = 892EE1A36B5F62A56693C818 /* Pods_TraumaManualTests.framework */; };
		D5989EED4DDC12D62544B470 /* Pods_TraumaManual.framework in Frameworks */ = {isa = PBXBuildFile; fileRef = EA7E5EBF849041AF6B95DC40 /* Pods_TraumaManual.framework */; };
		E53B88D51FEB21E100DDE1C1 /* AppDelegate.swift in Sources */ = {isa = PBXBuildFile; fileRef = E53B88D41FEB21E100DDE1C1 /* AppDelegate.swift */; };
		E53B88DC1FEB21E100DDE1C1 /* Main.storyboard in Resources */ = {isa = PBXBuildFile; fileRef = E53B88DA1FEB21E100DDE1C1 /* Main.storyboard */; };
		E53B88DE1FEB21E100DDE1C1 /* Assets.xcassets in Resources */ = {isa = PBXBuildFile; fileRef = E53B88DD1FEB21E100DDE1C1 /* Assets.xcassets */; };
		E53B88E11FEB21E100DDE1C1 /* LaunchScreen.storyboard in Resources */ = {isa = PBXBuildFile; fileRef = E53B88DF1FEB21E100DDE1C1 /* LaunchScreen.storyboard */; };
		E53B88EC1FEB21E100DDE1C1 /* TraumaManualTests.swift in Sources */ = {isa = PBXBuildFile; fileRef = E53B88EB1FEB21E100DDE1C1 /* TraumaManualTests.swift */; };
		E53B88F71FEB21E100DDE1C1 /* TraumaManualUITests.swift in Sources */ = {isa = PBXBuildFile; fileRef = E53B88F61FEB21E100DDE1C1 /* TraumaManualUITests.swift */; };
		E53B89111FF2AA2F00DDE1C1 /* AlgorithmViewController.swift in Sources */ = {isa = PBXBuildFile; fileRef = E53B89101FF2AA2F00DDE1C1 /* AlgorithmViewController.swift */; };
		E53B89141FF2AA6600DDE1C1 /* AlgorithmQuestionnaireViewController.swift in Sources */ = {isa = PBXBuildFile; fileRef = E53B89121FF2AA6600DDE1C1 /* AlgorithmQuestionnaireViewController.swift */; };
		E53B89151FF2AA6600DDE1C1 /* AlgorithmQuestionnaireViewController.xib in Resources */ = {isa = PBXBuildFile; fileRef = E53B89131FF2AA6600DDE1C1 /* AlgorithmQuestionnaireViewController.xib */; };
		E53B89181FF2AA7900DDE1C1 /* AlgorithmOverviewViewController.swift in Sources */ = {isa = PBXBuildFile; fileRef = E53B89161FF2AA7900DDE1C1 /* AlgorithmOverviewViewController.swift */; };
		E53B89191FF2AA7900DDE1C1 /* AlgorithmOverviewViewController.xib in Resources */ = {isa = PBXBuildFile; fileRef = E53B89171FF2AA7900DDE1C1 /* AlgorithmOverviewViewController.xib */; };
		E53B89201FF2B7AE00DDE1C1 /* TraumaModel.swift in Sources */ = {isa = PBXBuildFile; fileRef = E53B891F1FF2B7AE00DDE1C1 /* TraumaModel.swift */; };
		E53B89221FF2B86500DDE1C1 /* Algorithm.swift in Sources */ = {isa = PBXBuildFile; fileRef = E53B89211FF2B86500DDE1C1 /* Algorithm.swift */; };
		E5A96EE02006F34200ABF765 /* AlgorithmNodeSectionController.swift in Sources */ = {isa = PBXBuildFile; fileRef = E5A96EDF2006F34200ABF765 /* AlgorithmNodeSectionController.swift */; };
		E5A96EE32006F3D500ABF765 /* AlgorithmNodeCollectionViewCell.swift in Sources */ = {isa = PBXBuildFile; fileRef = E5A96EE12006F3D500ABF765 /* AlgorithmNodeCollectionViewCell.swift */; };
		E5A96EE42006F3D500ABF765 /* AlgorithmNodeCollectionViewCell.xib in Resources */ = {isa = PBXBuildFile; fileRef = E5A96EE22006F3D500ABF765 /* AlgorithmNodeCollectionViewCell.xib */; };
		E5A96EE92006F4DF00ABF765 /* Faculty.swift in Sources */ = {isa = PBXBuildFile; fileRef = E5A96EE82006F4DF00ABF765 /* Faculty.swift */; };
		E5A96EEC2006F62500ABF765 /* FacultyCollectionViewCell.swift in Sources */ = {isa = PBXBuildFile; fileRef = E5A96EEA2006F62500ABF765 /* FacultyCollectionViewCell.swift */; };
		E5A96EED2006F62500ABF765 /* FacultyCollectionViewCell.xib in Resources */ = {isa = PBXBuildFile; fileRef = E5A96EEB2006F62500ABF765 /* FacultyCollectionViewCell.xib */; };
		E5A96EEF2006F63A00ABF765 /* FacultySectionController.swift in Sources */ = {isa = PBXBuildFile; fileRef = E5A96EEE2006F63A00ABF765 /* FacultySectionController.swift */; };
		E5A96EF22006F77000ABF765 /* FacultyViewController.swift in Sources */ = {isa = PBXBuildFile; fileRef = E5A96EF02006F77000ABF765 /* FacultyViewController.swift */; };
		E5A96EF32006F77000ABF765 /* FacultyViewController.xib in Resources */ = {isa = PBXBuildFile; fileRef = E5A96EF12006F77000ABF765 /* FacultyViewController.xib */; };
		E5A96EF92006F95300ABF765 /* Rules.swift in Sources */ = {isa = PBXBuildFile; fileRef = E5A96EF82006F95300ABF765 /* Rules.swift */; };
		E5A96EFF2006FD2D00ABF765 /* Schedule.swift in Sources */ = {isa = PBXBuildFile; fileRef = E5A96EFE2006FD2D00ABF765 /* Schedule.swift */; };
		E5A96F022007004F00ABF765 /* ScheduleCollectionViewCell.swift in Sources */ = {isa = PBXBuildFile; fileRef = E5A96F002007004F00ABF765 /* ScheduleCollectionViewCell.swift */; };
		E5A96F032007004F00ABF765 /* ScheduleCollectionViewCell.xib in Resources */ = {isa = PBXBuildFile; fileRef = E5A96F012007004F00ABF765 /* ScheduleCollectionViewCell.xib */; };
		E5A96F062007006C00ABF765 /* ScheduleViewController.swift in Sources */ = {isa = PBXBuildFile; fileRef = E5A96F042007006C00ABF765 /* ScheduleViewController.swift */; };
		E5A96F072007006C00ABF765 /* ScheduleViewController.xib in Resources */ = {isa = PBXBuildFile; fileRef = E5A96F052007006C00ABF765 /* ScheduleViewController.xib */; };
		E5A96F0A2007009800ABF765 /* RulesViewController.swift in Sources */ = {isa = PBXBuildFile; fileRef = E5A96F082007009800ABF765 /* RulesViewController.swift */; };
		E5A96F0B2007009800ABF765 /* RulesViewController.xib in Resources */ = {isa = PBXBuildFile; fileRef = E5A96F092007009800ABF765 /* RulesViewController.xib */; };
		E5A96F0E200700EF00ABF765 /* RulesCollectionViewCell.swift in Sources */ = {isa = PBXBuildFile; fileRef = E5A96F0C200700EF00ABF765 /* RulesCollectionViewCell.swift */; };
		E5A96F0F200700EF00ABF765 /* RulesCollectionViewCell.xib in Resources */ = {isa = PBXBuildFile; fileRef = E5A96F0D200700EF00ABF765 /* RulesCollectionViewCell.xib */; };
		E5A96F112007010A00ABF765 /* RulesSectionController.swift in Sources */ = {isa = PBXBuildFile; fileRef = E5A96F102007010A00ABF765 /* RulesSectionController.swift */; };
		E5A96F132007011700ABF765 /* ScheduleSectionController.swift in Sources */ = {isa = PBXBuildFile; fileRef = E5A96F122007011700ABF765 /* ScheduleSectionController.swift */; };
		E5A96F15200C4C2B00ABF765 /* Extensions.swift in Sources */ = {isa = PBXBuildFile; fileRef = E5A96F14200C4C2B00ABF765 /* Extensions.swift */; };
		E5A96F18200C4CB600ABF765 /* DayCollectionViewCell.swift in Sources */ = {isa = PBXBuildFile; fileRef = E5A96F16200C4CB600ABF765 /* DayCollectionViewCell.swift */; };
		E5A96F19200C4CB600ABF765 /* DayCollectionViewCell.xib in Resources */ = {isa = PBXBuildFile; fileRef = E5A96F17200C4CB600ABF765 /* DayCollectionViewCell.xib */; };
		E5A96F1C200C539800ABF765 /* AnswerCollectionViewCell.swift in Sources */ = {isa = PBXBuildFile; fileRef = E5A96F1A200C539800ABF765 /* AnswerCollectionViewCell.swift */; };
		E5A96F1D200C539800ABF765 /* AnswerCollectionViewCell.xib in Resources */ = {isa = PBXBuildFile; fileRef = E5A96F1B200C539800ABF765 /* AnswerCollectionViewCell.xib */; };
		E5A96F23200C572F00ABF765 /* MarkdownText.swift in Sources */ = {isa = PBXBuildFile; fileRef = E5A96F22200C572F00ABF765 /* MarkdownText.swift */; };
		E5A96F26200C578F00ABF765 /* MarkdownTextViewController.swift in Sources */ = {isa = PBXBuildFile; fileRef = E5A96F24200C578F00ABF765 /* MarkdownTextViewController.swift */; };
		E5A96F27200C578F00ABF765 /* MarkdownTextViewController.xib in Resources */ = {isa = PBXBuildFile; fileRef = E5A96F25200C578F00ABF765 /* MarkdownTextViewController.xib */; };
		E5A96F2B200C5B3900ABF765 /* ListTableViewController.swift in Sources */ = {isa = PBXBuildFile; fileRef = E5A96F29200C5B3900ABF765 /* ListTableViewController.swift */; };
		E5A96F2C200C5B3900ABF765 /* ListTableViewController.xib in Resources */ = {isa = PBXBuildFile; fileRef = E5A96F2A200C5B3900ABF765 /* ListTableViewController.xib */; };
		E5A96F2E200D9DFF00ABF765 /* manual.plist in Resources */ = {isa = PBXBuildFile; fileRef = E5A96F2D200D9DFF00ABF765 /* manual.plist */; };
		E5A96F30200DA0E000ABF765 /* surgeons.json in Resources */ = {isa = PBXBuildFile; fileRef = E5A96F2F200DA0E000ABF765 /* surgeons.json */; };
		E5A96F33200DA16000ABF765 /* morning-report.md in Resources */ = {isa = PBXBuildFile; fileRef = E5A96F31200DA15F00ABF765 /* morning-report.md */; };
		E5A96F34200DA16000ABF765 /* nurses-and-contact.md in Resources */ = {isa = PBXBuildFile; fileRef = E5A96F32200DA15F00ABF765 /* nurses-and-contact.md */; };
		E5A96F36200DA34400ABF765 /* schedule.json in Resources */ = {isa = PBXBuildFile; fileRef = E5A96F35200DA34300ABF765 /* schedule.json */; };
		E5A96F38200DA44700ABF765 /* hybrid-suite.json in Resources */ = {isa = PBXBuildFile; fileRef = E5A96F37200DA44600ABF765 /* hybrid-suite.json */; };
		E5A96F3B200E7C9900ABF765 /* roles.plist in Resources */ = {isa = PBXBuildFile; fileRef = E5A96F3A200E7C9900ABF765 /* roles.plist */; };
		E5A96F3F200E877300ABF765 /* SideMenuViewController.swift in Sources */ = {isa = PBXBuildFile; fileRef = E5A96F3D200E877300ABF765 /* SideMenuViewController.swift */; };
		E5A96F40200E877300ABF765 /* SideMenuViewController.xib in Resources */ = {isa = PBXBuildFile; fileRef = E5A96F3E200E877300ABF765 /* SideMenuViewController.xib */; };
		E5A96F43200EE32A00ABF765 /* ListTableViewCell.swift in Sources */ = {isa = PBXBuildFile; fileRef = E5A96F41200EE32A00ABF765 /* ListTableViewCell.swift */; };
		E5A96F44200EE32A00ABF765 /* ListTableViewCell.xib in Resources */ = {isa = PBXBuildFile; fileRef = E5A96F42200EE32A00ABF765 /* ListTableViewCell.xib */; };
/* End PBXBuildFile section */

/* Begin PBXContainerItemProxy section */
		E53B88E81FEB21E100DDE1C1 /* PBXContainerItemProxy */ = {
			isa = PBXContainerItemProxy;
			containerPortal = E53B88C91FEB21E100DDE1C1 /* Project object */;
			proxyType = 1;
			remoteGlobalIDString = E53B88D01FEB21E100DDE1C1;
			remoteInfo = TraumaManual;
		};
		E53B88F31FEB21E100DDE1C1 /* PBXContainerItemProxy */ = {
			isa = PBXContainerItemProxy;
			containerPortal = E53B88C91FEB21E100DDE1C1 /* Project object */;
			proxyType = 1;
			remoteGlobalIDString = E53B88D01FEB21E100DDE1C1;
			remoteInfo = TraumaManual;
		};
/* End PBXContainerItemProxy section */

/* Begin PBXFileReference section */
		3613EC0AF1555137CC4450BF /* Pods-TraumaManual.release.xcconfig */ = {isa = PBXFileReference; includeInIndex = 1; lastKnownFileType = text.xcconfig; name = "Pods-TraumaManual.release.xcconfig"; path = "Pods/Target Support Files/Pods-TraumaManual/Pods-TraumaManual.release.xcconfig"; sourceTree = "<group>"; };
		8687FD57A1EE9C4BBAAF5ECA /* Pods-TraumaManualUITests.debug.xcconfig */ = {isa = PBXFileReference; includeInIndex = 1; lastKnownFileType = text.xcconfig; name = "Pods-TraumaManualUITests.debug.xcconfig"; path = "Pods/Target Support Files/Pods-TraumaManualUITests/Pods-TraumaManualUITests.debug.xcconfig"; sourceTree = "<group>"; };
		892EE1A36B5F62A56693C818 /* Pods_TraumaManualTests.framework */ = {isa = PBXFileReference; explicitFileType = wrapper.framework; includeInIndex = 0; path = Pods_TraumaManualTests.framework; sourceTree = BUILT_PRODUCTS_DIR; };
		92F0590E28A6FC6F7C459DFA /* Pods_TraumaManualUITests.framework */ = {isa = PBXFileReference; explicitFileType = wrapper.framework; includeInIndex = 0; path = Pods_TraumaManualUITests.framework; sourceTree = BUILT_PRODUCTS_DIR; };
		AD91312847021AF44F7C3CFB /* Pods-TraumaManual.debug.xcconfig */ = {isa = PBXFileReference; includeInIndex = 1; lastKnownFileType = text.xcconfig; name = "Pods-TraumaManual.debug.xcconfig"; path = "Pods/Target Support Files/Pods-TraumaManual/Pods-TraumaManual.debug.xcconfig"; sourceTree = "<group>"; };
		BA3D9863474A3496A0EECA28 /* Pods-TraumaManualTests.release.xcconfig */ = {isa = PBXFileReference; includeInIndex = 1; lastKnownFileType = text.xcconfig; name = "Pods-TraumaManualTests.release.xcconfig"; path = "Pods/Target Support Files/Pods-TraumaManualTests/Pods-TraumaManualTests.release.xcconfig"; sourceTree = "<group>"; };
		E53B88D11FEB21E100DDE1C1 /* TraumaManual.app */ = {isa = PBXFileReference; explicitFileType = wrapper.application; includeInIndex = 0; path = TraumaManual.app; sourceTree = BUILT_PRODUCTS_DIR; };
		E53B88D41FEB21E100DDE1C1 /* AppDelegate.swift */ = {isa = PBXFileReference; lastKnownFileType = sourcecode.swift; path = AppDelegate.swift; sourceTree = "<group>"; };
		E53B88DB1FEB21E100DDE1C1 /* Base */ = {isa = PBXFileReference; lastKnownFileType = file.storyboard; name = Base; path = Base.lproj/Main.storyboard; sourceTree = "<group>"; };
		E53B88DD1FEB21E100DDE1C1 /* Assets.xcassets */ = {isa = PBXFileReference; lastKnownFileType = folder.assetcatalog; path = Assets.xcassets; sourceTree = "<group>"; };
		E53B88E01FEB21E100DDE1C1 /* Base */ = {isa = PBXFileReference; lastKnownFileType = file.storyboard; name = Base; path = Base.lproj/LaunchScreen.storyboard; sourceTree = "<group>"; };
		E53B88E21FEB21E100DDE1C1 /* Info.plist */ = {isa = PBXFileReference; lastKnownFileType = text.plist.xml; path = Info.plist; sourceTree = "<group>"; };
		E53B88E71FEB21E100DDE1C1 /* TraumaManualTests.xctest */ = {isa = PBXFileReference; explicitFileType = wrapper.cfbundle; includeInIndex = 0; path = TraumaManualTests.xctest; sourceTree = BUILT_PRODUCTS_DIR; };
		E53B88EB1FEB21E100DDE1C1 /* TraumaManualTests.swift */ = {isa = PBXFileReference; lastKnownFileType = sourcecode.swift; path = TraumaManualTests.swift; sourceTree = "<group>"; };
		E53B88ED1FEB21E100DDE1C1 /* Info.plist */ = {isa = PBXFileReference; lastKnownFileType = text.plist.xml; path = Info.plist; sourceTree = "<group>"; };
		E53B88F21FEB21E100DDE1C1 /* TraumaManualUITests.xctest */ = {isa = PBXFileReference; explicitFileType = wrapper.cfbundle; includeInIndex = 0; path = TraumaManualUITests.xctest; sourceTree = BUILT_PRODUCTS_DIR; };
		E53B88F61FEB21E100DDE1C1 /* TraumaManualUITests.swift */ = {isa = PBXFileReference; lastKnownFileType = sourcecode.swift; path = TraumaManualUITests.swift; sourceTree = "<group>"; };
		E53B88F81FEB21E100DDE1C1 /* Info.plist */ = {isa = PBXFileReference; lastKnownFileType = text.plist.xml; path = Info.plist; sourceTree = "<group>"; };
		E53B89101FF2AA2F00DDE1C1 /* AlgorithmViewController.swift */ = {isa = PBXFileReference; lastKnownFileType = sourcecode.swift; path = AlgorithmViewController.swift; sourceTree = "<group>"; };
		E53B89121FF2AA6600DDE1C1 /* AlgorithmQuestionnaireViewController.swift */ = {isa = PBXFileReference; lastKnownFileType = sourcecode.swift; path = AlgorithmQuestionnaireViewController.swift; sourceTree = "<group>"; };
		E53B89131FF2AA6600DDE1C1 /* AlgorithmQuestionnaireViewController.xib */ = {isa = PBXFileReference; lastKnownFileType = file.xib; path = AlgorithmQuestionnaireViewController.xib; sourceTree = "<group>"; };
		E53B89161FF2AA7900DDE1C1 /* AlgorithmOverviewViewController.swift */ = {isa = PBXFileReference; lastKnownFileType = sourcecode.swift; path = AlgorithmOverviewViewController.swift; sourceTree = "<group>"; };
		E53B89171FF2AA7900DDE1C1 /* AlgorithmOverviewViewController.xib */ = {isa = PBXFileReference; lastKnownFileType = file.xib; path = AlgorithmOverviewViewController.xib; sourceTree = "<group>"; };
		E53B891F1FF2B7AE00DDE1C1 /* TraumaModel.swift */ = {isa = PBXFileReference; lastKnownFileType = sourcecode.swift; path = TraumaModel.swift; sourceTree = "<group>"; };
		E53B89211FF2B86500DDE1C1 /* Algorithm.swift */ = {isa = PBXFileReference; lastKnownFileType = sourcecode.swift; path = Algorithm.swift; sourceTree = "<group>"; };
		E5A96EDF2006F34200ABF765 /* AlgorithmNodeSectionController.swift */ = {isa = PBXFileReference; lastKnownFileType = sourcecode.swift; path = AlgorithmNodeSectionController.swift; sourceTree = "<group>"; };
		E5A96EE12006F3D500ABF765 /* AlgorithmNodeCollectionViewCell.swift */ = {isa = PBXFileReference; lastKnownFileType = sourcecode.swift; path = AlgorithmNodeCollectionViewCell.swift; sourceTree = "<group>"; };
		E5A96EE22006F3D500ABF765 /* AlgorithmNodeCollectionViewCell.xib */ = {isa = PBXFileReference; lastKnownFileType = file.xib; path = AlgorithmNodeCollectionViewCell.xib; sourceTree = "<group>"; };
		E5A96EE82006F4DF00ABF765 /* Faculty.swift */ = {isa = PBXFileReference; lastKnownFileType = sourcecode.swift; path = Faculty.swift; sourceTree = "<group>"; };
		E5A96EEA2006F62500ABF765 /* FacultyCollectionViewCell.swift */ = {isa = PBXFileReference; lastKnownFileType = sourcecode.swift; path = FacultyCollectionViewCell.swift; sourceTree = "<group>"; };
		E5A96EEB2006F62500ABF765 /* FacultyCollectionViewCell.xib */ = {isa = PBXFileReference; lastKnownFileType = file.xib; path = FacultyCollectionViewCell.xib; sourceTree = "<group>"; };
		E5A96EEE2006F63A00ABF765 /* FacultySectionController.swift */ = {isa = PBXFileReference; lastKnownFileType = sourcecode.swift; path = FacultySectionController.swift; sourceTree = "<group>"; };
		E5A96EF02006F77000ABF765 /* FacultyViewController.swift */ = {isa = PBXFileReference; lastKnownFileType = sourcecode.swift; path = FacultyViewController.swift; sourceTree = "<group>"; };
		E5A96EF12006F77000ABF765 /* FacultyViewController.xib */ = {isa = PBXFileReference; lastKnownFileType = file.xib; path = FacultyViewController.xib; sourceTree = "<group>"; };
		E5A96EF82006F95300ABF765 /* Rules.swift */ = {isa = PBXFileReference; lastKnownFileType = sourcecode.swift; path = Rules.swift; sourceTree = "<group>"; };
		E5A96EFE2006FD2D00ABF765 /* Schedule.swift */ = {isa = PBXFileReference; lastKnownFileType = sourcecode.swift; path = Schedule.swift; sourceTree = "<group>"; };
		E5A96F002007004F00ABF765 /* ScheduleCollectionViewCell.swift */ = {isa = PBXFileReference; lastKnownFileType = sourcecode.swift; path = ScheduleCollectionViewCell.swift; sourceTree = "<group>"; };
		E5A96F012007004F00ABF765 /* ScheduleCollectionViewCell.xib */ = {isa = PBXFileReference; lastKnownFileType = file.xib; path = ScheduleCollectionViewCell.xib; sourceTree = "<group>"; };
		E5A96F042007006C00ABF765 /* ScheduleViewController.swift */ = {isa = PBXFileReference; lastKnownFileType = sourcecode.swift; path = ScheduleViewController.swift; sourceTree = "<group>"; };
		E5A96F052007006C00ABF765 /* ScheduleViewController.xib */ = {isa = PBXFileReference; lastKnownFileType = file.xib; path = ScheduleViewController.xib; sourceTree = "<group>"; };
		E5A96F082007009800ABF765 /* RulesViewController.swift */ = {isa = PBXFileReference; lastKnownFileType = sourcecode.swift; path = RulesViewController.swift; sourceTree = "<group>"; };
		E5A96F092007009800ABF765 /* RulesViewController.xib */ = {isa = PBXFileReference; lastKnownFileType = file.xib; path = RulesViewController.xib; sourceTree = "<group>"; };
		E5A96F0C200700EF00ABF765 /* RulesCollectionViewCell.swift */ = {isa = PBXFileReference; lastKnownFileType = sourcecode.swift; path = RulesCollectionViewCell.swift; sourceTree = "<group>"; };
		E5A96F0D200700EF00ABF765 /* RulesCollectionViewCell.xib */ = {isa = PBXFileReference; lastKnownFileType = file.xib; path = RulesCollectionViewCell.xib; sourceTree = "<group>"; };
		E5A96F102007010A00ABF765 /* RulesSectionController.swift */ = {isa = PBXFileReference; lastKnownFileType = sourcecode.swift; path = RulesSectionController.swift; sourceTree = "<group>"; };
		E5A96F122007011700ABF765 /* ScheduleSectionController.swift */ = {isa = PBXFileReference; lastKnownFileType = sourcecode.swift; path = ScheduleSectionController.swift; sourceTree = "<group>"; };
		E5A96F14200C4C2B00ABF765 /* Extensions.swift */ = {isa = PBXFileReference; lastKnownFileType = sourcecode.swift; path = Extensions.swift; sourceTree = "<group>"; };
		E5A96F16200C4CB600ABF765 /* DayCollectionViewCell.swift */ = {isa = PBXFileReference; lastKnownFileType = sourcecode.swift; path = DayCollectionViewCell.swift; sourceTree = "<group>"; };
		E5A96F17200C4CB600ABF765 /* DayCollectionViewCell.xib */ = {isa = PBXFileReference; lastKnownFileType = file.xib; path = DayCollectionViewCell.xib; sourceTree = "<group>"; };
		E5A96F1A200C539800ABF765 /* AnswerCollectionViewCell.swift */ = {isa = PBXFileReference; lastKnownFileType = sourcecode.swift; path = AnswerCollectionViewCell.swift; sourceTree = "<group>"; };
		E5A96F1B200C539800ABF765 /* AnswerCollectionViewCell.xib */ = {isa = PBXFileReference; lastKnownFileType = file.xib; path = AnswerCollectionViewCell.xib; sourceTree = "<group>"; };
		E5A96F22200C572F00ABF765 /* MarkdownText.swift */ = {isa = PBXFileReference; lastKnownFileType = sourcecode.swift; path = MarkdownText.swift; sourceTree = "<group>"; };
		E5A96F24200C578F00ABF765 /* MarkdownTextViewController.swift */ = {isa = PBXFileReference; lastKnownFileType = sourcecode.swift; path = MarkdownTextViewController.swift; sourceTree = "<group>"; };
		E5A96F25200C578F00ABF765 /* MarkdownTextViewController.xib */ = {isa = PBXFileReference; lastKnownFileType = file.xib; path = MarkdownTextViewController.xib; sourceTree = "<group>"; };
		E5A96F29200C5B3900ABF765 /* ListTableViewController.swift */ = {isa = PBXFileReference; lastKnownFileType = sourcecode.swift; path = ListTableViewController.swift; sourceTree = "<group>"; };
		E5A96F2A200C5B3900ABF765 /* ListTableViewController.xib */ = {isa = PBXFileReference; lastKnownFileType = file.xib; path = ListTableViewController.xib; sourceTree = "<group>"; };
		E5A96F2D200D9DFF00ABF765 /* manual.plist */ = {isa = PBXFileReference; lastKnownFileType = text.plist.xml; path = manual.plist; sourceTree = "<group>"; };
		E5A96F2F200DA0E000ABF765 /* surgeons.json */ = {isa = PBXFileReference; fileEncoding = 4; lastKnownFileType = text.json; path = surgeons.json; sourceTree = "<group>"; };
		E5A96F31200DA15F00ABF765 /* morning-report.md */ = {isa = PBXFileReference; fileEncoding = 4; lastKnownFileType = net.daringfireball.markdown; path = "morning-report.md"; sourceTree = "<group>"; };
		E5A96F32200DA15F00ABF765 /* nurses-and-contact.md */ = {isa = PBXFileReference; fileEncoding = 4; lastKnownFileType = net.daringfireball.markdown; path = "nurses-and-contact.md"; sourceTree = "<group>"; };
		E5A96F35200DA34300ABF765 /* schedule.json */ = {isa = PBXFileReference; fileEncoding = 4; lastKnownFileType = text.json; path = schedule.json; sourceTree = "<group>"; };
		E5A96F37200DA44600ABF765 /* hybrid-suite.json */ = {isa = PBXFileReference; fileEncoding = 4; lastKnownFileType = text.json; path = "hybrid-suite.json"; sourceTree = "<group>"; };
		E5A96F3A200E7C9900ABF765 /* roles.plist */ = {isa = PBXFileReference; lastKnownFileType = text.plist.xml; path = roles.plist; sourceTree = "<group>"; };
		E5A96F3D200E877300ABF765 /* SideMenuViewController.swift */ = {isa = PBXFileReference; lastKnownFileType = sourcecode.swift; path = SideMenuViewController.swift; sourceTree = "<group>"; };
		E5A96F3E200E877300ABF765 /* SideMenuViewController.xib */ = {isa = PBXFileReference; lastKnownFileType = file.xib; path = SideMenuViewController.xib; sourceTree = "<group>"; };
		E5A96F41200EE32A00ABF765 /* ListTableViewCell.swift */ = {isa = PBXFileReference; lastKnownFileType = sourcecode.swift; path = ListTableViewCell.swift; sourceTree = "<group>"; };
		E5A96F42200EE32A00ABF765 /* ListTableViewCell.xib */ = {isa = PBXFileReference; lastKnownFileType = file.xib; path = ListTableViewCell.xib; sourceTree = "<group>"; };
		E90A39B40887DC0A229C0874 /* Pods-TraumaManualTests.debug.xcconfig */ = {isa = PBXFileReference; includeInIndex = 1; lastKnownFileType = text.xcconfig; name = "Pods-TraumaManualTests.debug.xcconfig"; path = "Pods/Target Support Files/Pods-TraumaManualTests/Pods-TraumaManualTests.debug.xcconfig"; sourceTree = "<group>"; };
		EA7E5EBF849041AF6B95DC40 /* Pods_TraumaManual.framework */ = {isa = PBXFileReference; explicitFileType = wrapper.framework; includeInIndex = 0; path = Pods_TraumaManual.framework; sourceTree = BUILT_PRODUCTS_DIR; };
		EDDDA5AE20C2B75506769936 /* Pods-TraumaManualUITests.release.xcconfig */ = {isa = PBXFileReference; includeInIndex = 1; lastKnownFileType = text.xcconfig; name = "Pods-TraumaManualUITests.release.xcconfig"; path = "Pods/Target Support Files/Pods-TraumaManualUITests/Pods-TraumaManualUITests.release.xcconfig"; sourceTree = "<group>"; };
/* End PBXFileReference section */

/* Begin PBXFrameworksBuildPhase section */
		E53B88CE1FEB21E100DDE1C1 /* Frameworks */ = {
			isa = PBXFrameworksBuildPhase;
			buildActionMask = 2147483647;
			files = (
				D5989EED4DDC12D62544B470 /* Pods_TraumaManual.framework in Frameworks */,
			);
			runOnlyForDeploymentPostprocessing = 0;
		};
		E53B88E41FEB21E100DDE1C1 /* Frameworks */ = {
			isa = PBXFrameworksBuildPhase;
			buildActionMask = 2147483647;
			files = (
				4F3D9347B9208F5C81AFF4EE /* Pods_TraumaManualTests.framework in Frameworks */,
			);
			runOnlyForDeploymentPostprocessing = 0;
		};
		E53B88EF1FEB21E100DDE1C1 /* Frameworks */ = {
			isa = PBXFrameworksBuildPhase;
			buildActionMask = 2147483647;
			files = (
				17A86149DF2365FCF9BB5BF2 /* Pods_TraumaManualUITests.framework in Frameworks */,
			);
			runOnlyForDeploymentPostprocessing = 0;
		};
/* End PBXFrameworksBuildPhase section */

/* Begin PBXGroup section */
		1AF8B681D8C808BC05CE87D9 /* Pods */ = {
			isa = PBXGroup;
			children = (
				AD91312847021AF44F7C3CFB /* Pods-TraumaManual.debug.xcconfig */,
				3613EC0AF1555137CC4450BF /* Pods-TraumaManual.release.xcconfig */,
				E90A39B40887DC0A229C0874 /* Pods-TraumaManualTests.debug.xcconfig */,
				BA3D9863474A3496A0EECA28 /* Pods-TraumaManualTests.release.xcconfig */,
				8687FD57A1EE9C4BBAAF5ECA /* Pods-TraumaManualUITests.debug.xcconfig */,
				EDDDA5AE20C2B75506769936 /* Pods-TraumaManualUITests.release.xcconfig */,
			);
			name = Pods;
			sourceTree = "<group>";
		};
		80AEDA5C1B69F8195AAADDFD /* Frameworks */ = {
			isa = PBXGroup;
			children = (
				EA7E5EBF849041AF6B95DC40 /* Pods_TraumaManual.framework */,
				892EE1A36B5F62A56693C818 /* Pods_TraumaManualTests.framework */,
				92F0590E28A6FC6F7C459DFA /* Pods_TraumaManualUITests.framework */,
			);
			name = Frameworks;
			sourceTree = "<group>";
		};
		E53B88C81FEB21E100DDE1C1 = {
			isa = PBXGroup;
			children = (
				E53B88D31FEB21E100DDE1C1 /* TraumaManual */,
				E53B88EA1FEB21E100DDE1C1 /* TraumaManualTests */,
				E53B88F51FEB21E100DDE1C1 /* TraumaManualUITests */,
				E53B88D21FEB21E100DDE1C1 /* Products */,
				1AF8B681D8C808BC05CE87D9 /* Pods */,
				80AEDA5C1B69F8195AAADDFD /* Frameworks */,
			);
			sourceTree = "<group>";
		};
		E53B88D21FEB21E100DDE1C1 /* Products */ = {
			isa = PBXGroup;
			children = (
				E53B88D11FEB21E100DDE1C1 /* TraumaManual.app */,
				E53B88E71FEB21E100DDE1C1 /* TraumaManualTests.xctest */,
				E53B88F21FEB21E100DDE1C1 /* TraumaManualUITests.xctest */,
			);
			name = Products;
			sourceTree = "<group>";
		};
		E53B88D31FEB21E100DDE1C1 /* TraumaManual */ = {
			isa = PBXGroup;
			children = (
				E53B891F1FF2B7AE00DDE1C1 /* TraumaModel.swift */,
				E5A96F3C200E875F00ABF765 /* SideMenu */,
				E5A96F28200C5B2000ABF765 /* List */,
				E5A96F1E200C571000ABF765 /* MarkdownText */,
				E5A96EFA2006FCF800ABF765 /* Schedule */,
				E5A96EF42006F92E00ABF765 /* Rules */,
				E53B891E1FF2AACA00DDE1C1 /* Faculty */,
				E53B891A1FF2AA9B00DDE1C1 /* Algorithm */,
				E5A96F39200DA4EA00ABF765 /* Assets */,
				E53B88D41FEB21E100DDE1C1 /* AppDelegate.swift */,
				E5A96F14200C4C2B00ABF765 /* Extensions.swift */,
				E53B88DA1FEB21E100DDE1C1 /* Main.storyboard */,
				E53B88DF1FEB21E100DDE1C1 /* LaunchScreen.storyboard */,
				E53B88E21FEB21E100DDE1C1 /* Info.plist */,
			);
			path = TraumaManual;
			sourceTree = "<group>";
		};
		E53B88EA1FEB21E100DDE1C1 /* TraumaManualTests */ = {
			isa = PBXGroup;
			children = (
				E53B88EB1FEB21E100DDE1C1 /* TraumaManualTests.swift */,
				E53B88ED1FEB21E100DDE1C1 /* Info.plist */,
			);
			path = TraumaManualTests;
			sourceTree = "<group>";
		};
		E53B88F51FEB21E100DDE1C1 /* TraumaManualUITests */ = {
			isa = PBXGroup;
			children = (
				E53B88F61FEB21E100DDE1C1 /* TraumaManualUITests.swift */,
				E53B88F81FEB21E100DDE1C1 /* Info.plist */,
			);
			path = TraumaManualUITests;
			sourceTree = "<group>";
		};
		E53B891A1FF2AA9B00DDE1C1 /* Algorithm */ = {
			isa = PBXGroup;
			children = (
				E53B891B1FF2AAA700DDE1C1 /* Model */,
				E53B891C1FF2AAAC00DDE1C1 /* View */,
				E53B891D1FF2AAB600DDE1C1 /* Controller */,
			);
			path = Algorithm;
			sourceTree = "<group>";
		};
		E53B891B1FF2AAA700DDE1C1 /* Model */ = {
			isa = PBXGroup;
			children = (
				E53B89211FF2B86500DDE1C1 /* Algorithm.swift */,
			);
			path = Model;
			sourceTree = "<group>";
		};
		E53B891C1FF2AAAC00DDE1C1 /* View */ = {
			isa = PBXGroup;
			children = (
				E5A96EE12006F3D500ABF765 /* AlgorithmNodeCollectionViewCell.swift */,
				E5A96EE22006F3D500ABF765 /* AlgorithmNodeCollectionViewCell.xib */,
				E5A96F1A200C539800ABF765 /* AnswerCollectionViewCell.swift */,
				E5A96F1B200C539800ABF765 /* AnswerCollectionViewCell.xib */,
			);
			path = View;
			sourceTree = "<group>";
		};
		E53B891D1FF2AAB600DDE1C1 /* Controller */ = {
			isa = PBXGroup;
			children = (
				E53B89101FF2AA2F00DDE1C1 /* AlgorithmViewController.swift */,
				E53B89121FF2AA6600DDE1C1 /* AlgorithmQuestionnaireViewController.swift */,
				E53B89131FF2AA6600DDE1C1 /* AlgorithmQuestionnaireViewController.xib */,
				E53B89161FF2AA7900DDE1C1 /* AlgorithmOverviewViewController.swift */,
				E53B89171FF2AA7900DDE1C1 /* AlgorithmOverviewViewController.xib */,
				E5A96EDF2006F34200ABF765 /* AlgorithmNodeSectionController.swift */,
			);
			path = Controller;
			sourceTree = "<group>";
		};
		E53B891E1FF2AACA00DDE1C1 /* Faculty */ = {
			isa = PBXGroup;
			children = (
				E5A96EE52006F4AB00ABF765 /* Model */,
				E5A96EE62006F4B000ABF765 /* View */,
				E5A96EE72006F4B600ABF765 /* Controller */,
			);
			path = Faculty;
			sourceTree = "<group>";
		};
		E5A96EE52006F4AB00ABF765 /* Model */ = {
			isa = PBXGroup;
			children = (
				E5A96EE82006F4DF00ABF765 /* Faculty.swift */,
			);
			path = Model;
			sourceTree = "<group>";
		};
		E5A96EE62006F4B000ABF765 /* View */ = {
			isa = PBXGroup;
			children = (
				E5A96EEA2006F62500ABF765 /* FacultyCollectionViewCell.swift */,
				E5A96EEB2006F62500ABF765 /* FacultyCollectionViewCell.xib */,
			);
			path = View;
			sourceTree = "<group>";
		};
		E5A96EE72006F4B600ABF765 /* Controller */ = {
			isa = PBXGroup;
			children = (
				E5A96EF02006F77000ABF765 /* FacultyViewController.swift */,
				E5A96EF12006F77000ABF765 /* FacultyViewController.xib */,
				E5A96EEE2006F63A00ABF765 /* FacultySectionController.swift */,
			);
			path = Controller;
			sourceTree = "<group>";
		};
		E5A96EF42006F92E00ABF765 /* Rules */ = {
			isa = PBXGroup;
			children = (
				E5A96EF72006F94400ABF765 /* Model */,
				E5A96EF62006F93E00ABF765 /* View */,
				E5A96EF52006F93800ABF765 /* Controller */,
			);
			path = Rules;
			sourceTree = "<group>";
		};
		E5A96EF52006F93800ABF765 /* Controller */ = {
			isa = PBXGroup;
			children = (
				E5A96F082007009800ABF765 /* RulesViewController.swift */,
				E5A96F092007009800ABF765 /* RulesViewController.xib */,
				E5A96F102007010A00ABF765 /* RulesSectionController.swift */,
			);
			path = Controller;
			sourceTree = "<group>";
		};
		E5A96EF62006F93E00ABF765 /* View */ = {
			isa = PBXGroup;
			children = (
				E5A96F0C200700EF00ABF765 /* RulesCollectionViewCell.swift */,
				E5A96F0D200700EF00ABF765 /* RulesCollectionViewCell.xib */,
			);
			path = View;
			sourceTree = "<group>";
		};
		E5A96EF72006F94400ABF765 /* Model */ = {
			isa = PBXGroup;
			children = (
				E5A96EF82006F95300ABF765 /* Rules.swift */,
			);
			path = Model;
			sourceTree = "<group>";
		};
		E5A96EFA2006FCF800ABF765 /* Schedule */ = {
			isa = PBXGroup;
			children = (
				E5A96EFD2006FD0B00ABF765 /* Model */,
				E5A96EFC2006FD0600ABF765 /* View */,
				E5A96EFB2006FD0100ABF765 /* Controller */,
			);
			path = Schedule;
			sourceTree = "<group>";
		};
		E5A96EFB2006FD0100ABF765 /* Controller */ = {
			isa = PBXGroup;
			children = (
				E5A96F042007006C00ABF765 /* ScheduleViewController.swift */,
				E5A96F052007006C00ABF765 /* ScheduleViewController.xib */,
				E5A96F122007011700ABF765 /* ScheduleSectionController.swift */,
			);
			path = Controller;
			sourceTree = "<group>";
		};
		E5A96EFC2006FD0600ABF765 /* View */ = {
			isa = PBXGroup;
			children = (
				E5A96F002007004F00ABF765 /* ScheduleCollectionViewCell.swift */,
				E5A96F012007004F00ABF765 /* ScheduleCollectionViewCell.xib */,
				E5A96F16200C4CB600ABF765 /* DayCollectionViewCell.swift */,
				E5A96F17200C4CB600ABF765 /* DayCollectionViewCell.xib */,
			);
			path = View;
			sourceTree = "<group>";
		};
		E5A96EFD2006FD0B00ABF765 /* Model */ = {
			isa = PBXGroup;
			children = (
				E5A96EFE2006FD2D00ABF765 /* Schedule.swift */,
			);
			path = Model;
			sourceTree = "<group>";
		};
		E5A96F1E200C571000ABF765 /* MarkdownText */ = {
			isa = PBXGroup;
			children = (
				E5A96F46200EE56600ABF765 /* Model */,
				E5A96F45200EE55F00ABF765 /* Controller */,
			);
			path = MarkdownText;
			sourceTree = "<group>";
		};
		E5A96F28200C5B2000ABF765 /* List */ = {
			isa = PBXGroup;
			children = (
				E5A96F48200EE57C00ABF765 /* View */,
				E5A96F47200EE57600ABF765 /* Controller */,
			);
			path = List;
			sourceTree = "<group>";
		};
		E5A96F39200DA4EA00ABF765 /* Assets */ = {
			isa = PBXGroup;
			children = (
				E5A96F2D200D9DFF00ABF765 /* manual.plist */,
				E5A96F37200DA44600ABF765 /* hybrid-suite.json */,
				E5A96F35200DA34300ABF765 /* schedule.json */,
				E5A96F31200DA15F00ABF765 /* morning-report.md */,
				E5A96F32200DA15F00ABF765 /* nurses-and-contact.md */,
				E5A96F2F200DA0E000ABF765 /* surgeons.json */,
				E53B88DD1FEB21E100DDE1C1 /* Assets.xcassets */,
				E5A96F3A200E7C9900ABF765 /* roles.plist */,
			);
			path = Assets;
			sourceTree = "<group>";
		};
		E5A96F3C200E875F00ABF765 /* SideMenu */ = {
			isa = PBXGroup;
			children = (
				E5A96F49200EE59200ABF765 /* Controller */,
			);
			path = SideMenu;
			sourceTree = "<group>";
		};
		E5A96F45200EE55F00ABF765 /* Controller */ = {
			isa = PBXGroup;
			children = (
				E5A96F24200C578F00ABF765 /* MarkdownTextViewController.swift */,
				E5A96F25200C578F00ABF765 /* MarkdownTextViewController.xib */,
			);
			path = Controller;
			sourceTree = "<group>";
		};
		E5A96F46200EE56600ABF765 /* Model */ = {
			isa = PBXGroup;
			children = (
				E5A96F22200C572F00ABF765 /* MarkdownText.swift */,
			);
			path = Model;
			sourceTree = "<group>";
		};
		E5A96F47200EE57600ABF765 /* Controller */ = {
			isa = PBXGroup;
			children = (
				E5A96F29200C5B3900ABF765 /* ListTableViewController.swift */,
				E5A96F2A200C5B3900ABF765 /* ListTableViewController.xib */,
			);
			path = Controller;
			sourceTree = "<group>";
		};
		E5A96F48200EE57C00ABF765 /* View */ = {
			isa = PBXGroup;
			children = (
				E5A96F41200EE32A00ABF765 /* ListTableViewCell.swift */,
				E5A96F42200EE32A00ABF765 /* ListTableViewCell.xib */,
			);
			path = View;
			sourceTree = "<group>";
		};
		E5A96F49200EE59200ABF765 /* Controller */ = {
			isa = PBXGroup;
			children = (
				E5A96F3D200E877300ABF765 /* SideMenuViewController.swift */,
				E5A96F3E200E877300ABF765 /* SideMenuViewController.xib */,
			);
			path = Controller;
			sourceTree = "<group>";
		};
/* End PBXGroup section */

/* Begin PBXNativeTarget section */
		E53B88D01FEB21E100DDE1C1 /* TraumaManual */ = {
			isa = PBXNativeTarget;
			buildConfigurationList = E53B88FB1FEB21E100DDE1C1 /* Build configuration list for PBXNativeTarget "TraumaManual" */;
			buildPhases = (
				6AD517FE888313F282853154 /* [CP] Check Pods Manifest.lock */,
				E53B88CD1FEB21E100DDE1C1 /* Sources */,
				E53B88CE1FEB21E100DDE1C1 /* Frameworks */,
				E53B88CF1FEB21E100DDE1C1 /* Resources */,
				1615E85D22BC25DA78E9CE38 /* [CP] Embed Pods Frameworks */,
				A4F814141D1B2CA87A8F8894 /* [CP] Copy Pods Resources */,
			);
			buildRules = (
			);
			dependencies = (
			);
			name = TraumaManual;
			productName = TraumaManual;
			productReference = E53B88D11FEB21E100DDE1C1 /* TraumaManual.app */;
			productType = "com.apple.product-type.application";
		};
		E53B88E61FEB21E100DDE1C1 /* TraumaManualTests */ = {
			isa = PBXNativeTarget;
			buildConfigurationList = E53B88FE1FEB21E100DDE1C1 /* Build configuration list for PBXNativeTarget "TraumaManualTests" */;
			buildPhases = (
				7E715502924C73B5427DA19F /* [CP] Check Pods Manifest.lock */,
				E53B88E31FEB21E100DDE1C1 /* Sources */,
				E53B88E41FEB21E100DDE1C1 /* Frameworks */,
				E53B88E51FEB21E100DDE1C1 /* Resources */,
				EA95D245139EB5B222C4970C /* [CP] Embed Pods Frameworks */,
				427F6CCCE5E72FF5F3020658 /* [CP] Copy Pods Resources */,
			);
			buildRules = (
			);
			dependencies = (
				E53B88E91FEB21E100DDE1C1 /* PBXTargetDependency */,
			);
			name = TraumaManualTests;
			productName = TraumaManualTests;
			productReference = E53B88E71FEB21E100DDE1C1 /* TraumaManualTests.xctest */;
			productType = "com.apple.product-type.bundle.unit-test";
		};
		E53B88F11FEB21E100DDE1C1 /* TraumaManualUITests */ = {
			isa = PBXNativeTarget;
			buildConfigurationList = E53B89011FEB21E100DDE1C1 /* Build configuration list for PBXNativeTarget "TraumaManualUITests" */;
			buildPhases = (
				FF9DCA3E47436E5B76CF4D46 /* [CP] Check Pods Manifest.lock */,
				E53B88EE1FEB21E100DDE1C1 /* Sources */,
				E53B88EF1FEB21E100DDE1C1 /* Frameworks */,
				E53B88F01FEB21E100DDE1C1 /* Resources */,
				517FA073B9A78183A989AF4A /* [CP] Embed Pods Frameworks */,
				BE5E3EA9B8A40704C406FE02 /* [CP] Copy Pods Resources */,
			);
			buildRules = (
			);
			dependencies = (
				E53B88F41FEB21E100DDE1C1 /* PBXTargetDependency */,
			);
			name = TraumaManualUITests;
			productName = TraumaManualUITests;
			productReference = E53B88F21FEB21E100DDE1C1 /* TraumaManualUITests.xctest */;
			productType = "com.apple.product-type.bundle.ui-testing";
		};
/* End PBXNativeTarget section */

/* Begin PBXProject section */
		E53B88C91FEB21E100DDE1C1 /* Project object */ = {
			isa = PBXProject;
			attributes = {
				LastSwiftUpdateCheck = 0920;
				LastUpgradeCheck = 0920;
				ORGANIZATIONNAME = "Pawel Furtek";
				TargetAttributes = {
					E53B88D01FEB21E100DDE1C1 = {
						CreatedOnToolsVersion = 9.2;
						ProvisioningStyle = Automatic;
					};
					E53B88E61FEB21E100DDE1C1 = {
						CreatedOnToolsVersion = 9.2;
						ProvisioningStyle = Automatic;
						TestTargetID = E53B88D01FEB21E100DDE1C1;
					};
					E53B88F11FEB21E100DDE1C1 = {
						CreatedOnToolsVersion = 9.2;
						ProvisioningStyle = Automatic;
						TestTargetID = E53B88D01FEB21E100DDE1C1;
					};
				};
			};
			buildConfigurationList = E53B88CC1FEB21E100DDE1C1 /* Build configuration list for PBXProject "TraumaManual" */;
			compatibilityVersion = "Xcode 8.0";
			developmentRegion = en;
			hasScannedForEncodings = 0;
			knownRegions = (
				en,
				Base,
			);
			mainGroup = E53B88C81FEB21E100DDE1C1;
			productRefGroup = E53B88D21FEB21E100DDE1C1 /* Products */;
			projectDirPath = "";
			projectRoot = "";
			targets = (
				E53B88D01FEB21E100DDE1C1 /* TraumaManual */,
				E53B88E61FEB21E100DDE1C1 /* TraumaManualTests */,
				E53B88F11FEB21E100DDE1C1 /* TraumaManualUITests */,
			);
		};
/* End PBXProject section */

/* Begin PBXResourcesBuildPhase section */
		E53B88CF1FEB21E100DDE1C1 /* Resources */ = {
			isa = PBXResourcesBuildPhase;
			buildActionMask = 2147483647;
			files = (
				E53B89151FF2AA6600DDE1C1 /* AlgorithmQuestionnaireViewController.xib in Resources */,
				E5A96F0F200700EF00ABF765 /* RulesCollectionViewCell.xib in Resources */,
				E5A96F1D200C539800ABF765 /* AnswerCollectionViewCell.xib in Resources */,
				E5A96F0B2007009800ABF765 /* RulesViewController.xib in Resources */,
				E5A96F44200EE32A00ABF765 /* ListTableViewCell.xib in Resources */,
				E5A96F2C200C5B3900ABF765 /* ListTableViewController.xib in Resources */,
				E5A96F34200DA16000ABF765 /* nurses-and-contact.md in Resources */,
				E5A96F38200DA44700ABF765 /* hybrid-suite.json in Resources */,
				E5A96EF32006F77000ABF765 /* FacultyViewController.xib in Resources */,
				E5A96F27200C578F00ABF765 /* MarkdownTextViewController.xib in Resources */,
				E5A96F30200DA0E000ABF765 /* surgeons.json in Resources */,
				E5A96F19200C4CB600ABF765 /* DayCollectionViewCell.xib in Resources */,
				E53B88E11FEB21E100DDE1C1 /* LaunchScreen.storyboard in Resources */,
				E5A96F36200DA34400ABF765 /* schedule.json in Resources */,
				E53B88DE1FEB21E100DDE1C1 /* Assets.xcassets in Resources */,
				E5A96F032007004F00ABF765 /* ScheduleCollectionViewCell.xib in Resources */,
				E53B88DC1FEB21E100DDE1C1 /* Main.storyboard in Resources */,
				E5A96EED2006F62500ABF765 /* FacultyCollectionViewCell.xib in Resources */,
				E5A96F072007006C00ABF765 /* ScheduleViewController.xib in Resources */,
				E5A96F2E200D9DFF00ABF765 /* manual.plist in Resources */,
				E5A96F33200DA16000ABF765 /* morning-report.md in Resources */,
				E5A96F40200E877300ABF765 /* SideMenuViewController.xib in Resources */,
				E5A96EE42006F3D500ABF765 /* AlgorithmNodeCollectionViewCell.xib in Resources */,
				E5A96F3B200E7C9900ABF765 /* roles.plist in Resources */,
				E53B89191FF2AA7900DDE1C1 /* AlgorithmOverviewViewController.xib in Resources */,
			);
			runOnlyForDeploymentPostprocessing = 0;
		};
		E53B88E51FEB21E100DDE1C1 /* Resources */ = {
			isa = PBXResourcesBuildPhase;
			buildActionMask = 2147483647;
			files = (
			);
			runOnlyForDeploymentPostprocessing = 0;
		};
		E53B88F01FEB21E100DDE1C1 /* Resources */ = {
			isa = PBXResourcesBuildPhase;
			buildActionMask = 2147483647;
			files = (
			);
			runOnlyForDeploymentPostprocessing = 0;
		};
/* End PBXResourcesBuildPhase section */

/* Begin PBXShellScriptBuildPhase section */
		1615E85D22BC25DA78E9CE38 /* [CP] Embed Pods Frameworks */ = {
			isa = PBXShellScriptBuildPhase;
			buildActionMask = 2147483647;
			files = (
			);
			inputPaths = (
				"${SRCROOT}/Pods/Target Support Files/Pods-TraumaManual/Pods-TraumaManual-frameworks.sh",
				"${BUILT_PRODUCTS_DIR}/Down/Down.framework",
				"${BUILT_PRODUCTS_DIR}/IGListKit/IGListKit.framework",
				"${BUILT_PRODUCTS_DIR}/ImageScrollView/ImageScrollView.framework",
				"${BUILT_PRODUCTS_DIR}/PagingMenuController/PagingMenuController.framework",
				"${BUILT_PRODUCTS_DIR}/SideMenu/SideMenu.framework",
			);
			name = "[CP] Embed Pods Frameworks";
			outputPaths = (
				"${TARGET_BUILD_DIR}/${FRAMEWORKS_FOLDER_PATH}/Down.framework",
				"${TARGET_BUILD_DIR}/${FRAMEWORKS_FOLDER_PATH}/IGListKit.framework",
				"${TARGET_BUILD_DIR}/${FRAMEWORKS_FOLDER_PATH}/ImageScrollView.framework",
				"${TARGET_BUILD_DIR}/${FRAMEWORKS_FOLDER_PATH}/PagingMenuController.framework",
				"${TARGET_BUILD_DIR}/${FRAMEWORKS_FOLDER_PATH}/SideMenu.framework",
			);
			runOnlyForDeploymentPostprocessing = 0;
			shellPath = /bin/sh;
			shellScript = "\"${SRCROOT}/Pods/Target Support Files/Pods-TraumaManual/Pods-TraumaManual-frameworks.sh\"\n";
			showEnvVarsInLog = 0;
		};
		427F6CCCE5E72FF5F3020658 /* [CP] Copy Pods Resources */ = {
			isa = PBXShellScriptBuildPhase;
			buildActionMask = 2147483647;
			files = (
			);
			inputPaths = (
			);
			name = "[CP] Copy Pods Resources";
			outputPaths = (
			);
			runOnlyForDeploymentPostprocessing = 0;
			shellPath = /bin/sh;
			shellScript = "\"${SRCROOT}/Pods/Target Support Files/Pods-TraumaManualTests/Pods-TraumaManualTests-resources.sh\"\n";
			showEnvVarsInLog = 0;
		};
		517FA073B9A78183A989AF4A /* [CP] Embed Pods Frameworks */ = {
			isa = PBXShellScriptBuildPhase;
			buildActionMask = 2147483647;
			files = (
			);
			inputPaths = (
				"${SRCROOT}/Pods/Target Support Files/Pods-TraumaManualUITests/Pods-TraumaManualUITests-frameworks.sh",
				"${BUILT_PRODUCTS_DIR}/IGListKit/IGListKit.framework",
				"${BUILT_PRODUCTS_DIR}/SideMenu/SideMenu.framework",
			);
			name = "[CP] Embed Pods Frameworks";
			outputPaths = (
				"${TARGET_BUILD_DIR}/${FRAMEWORKS_FOLDER_PATH}/IGListKit.framework",
				"${TARGET_BUILD_DIR}/${FRAMEWORKS_FOLDER_PATH}/SideMenu.framework",
			);
			runOnlyForDeploymentPostprocessing = 0;
			shellPath = /bin/sh;
			shellScript = "\"${SRCROOT}/Pods/Target Support Files/Pods-TraumaManualUITests/Pods-TraumaManualUITests-frameworks.sh\"\n";
			showEnvVarsInLog = 0;
		};
		6AD517FE888313F282853154 /* [CP] Check Pods Manifest.lock */ = {
			isa = PBXShellScriptBuildPhase;
			buildActionMask = 2147483647;
			files = (
			);
			inputPaths = (
				"${PODS_PODFILE_DIR_PATH}/Podfile.lock",
				"${PODS_ROOT}/Manifest.lock",
			);
			name = "[CP] Check Pods Manifest.lock";
			outputPaths = (
				"$(DERIVED_FILE_DIR)/Pods-TraumaManual-checkManifestLockResult.txt",
			);
			runOnlyForDeploymentPostprocessing = 0;
			shellPath = /bin/sh;
			shellScript = "diff \"${PODS_PODFILE_DIR_PATH}/Podfile.lock\" \"${PODS_ROOT}/Manifest.lock\" > /dev/null\nif [ $? != 0 ] ; then\n    # print error to STDERR\n    echo \"error: The sandbox is not in sync with the Podfile.lock. Run 'pod install' or update your CocoaPods installation.\" >&2\n    exit 1\nfi\n# This output is used by Xcode 'outputs' to avoid re-running this script phase.\necho \"SUCCESS\" > \"${SCRIPT_OUTPUT_FILE_0}\"\n";
			showEnvVarsInLog = 0;
		};
		7E715502924C73B5427DA19F /* [CP] Check Pods Manifest.lock */ = {
			isa = PBXShellScriptBuildPhase;
			buildActionMask = 2147483647;
			files = (
			);
			inputPaths = (
				"${PODS_PODFILE_DIR_PATH}/Podfile.lock",
				"${PODS_ROOT}/Manifest.lock",
			);
			name = "[CP] Check Pods Manifest.lock";
			outputPaths = (
				"$(DERIVED_FILE_DIR)/Pods-TraumaManualTests-checkManifestLockResult.txt",
			);
			runOnlyForDeploymentPostprocessing = 0;
			shellPath = /bin/sh;
			shellScript = "diff \"${PODS_PODFILE_DIR_PATH}/Podfile.lock\" \"${PODS_ROOT}/Manifest.lock\" > /dev/null\nif [ $? != 0 ] ; then\n    # print error to STDERR\n    echo \"error: The sandbox is not in sync with the Podfile.lock. Run 'pod install' or update your CocoaPods installation.\" >&2\n    exit 1\nfi\n# This output is used by Xcode 'outputs' to avoid re-running this script phase.\necho \"SUCCESS\" > \"${SCRIPT_OUTPUT_FILE_0}\"\n";
			showEnvVarsInLog = 0;
		};
		A4F814141D1B2CA87A8F8894 /* [CP] Copy Pods Resources */ = {
			isa = PBXShellScriptBuildPhase;
			buildActionMask = 2147483647;
			files = (
			);
			inputPaths = (
			);
			name = "[CP] Copy Pods Resources";
			outputPaths = (
			);
			runOnlyForDeploymentPostprocessing = 0;
			shellPath = /bin/sh;
			shellScript = "\"${SRCROOT}/Pods/Target Support Files/Pods-TraumaManual/Pods-TraumaManual-resources.sh\"\n";
			showEnvVarsInLog = 0;
		};
		BE5E3EA9B8A40704C406FE02 /* [CP] Copy Pods Resources */ = {
			isa = PBXShellScriptBuildPhase;
			buildActionMask = 2147483647;
			files = (
			);
			inputPaths = (
			);
			name = "[CP] Copy Pods Resources";
			outputPaths = (
			);
			runOnlyForDeploymentPostprocessing = 0;
			shellPath = /bin/sh;
			shellScript = "\"${SRCROOT}/Pods/Target Support Files/Pods-TraumaManualUITests/Pods-TraumaManualUITests-resources.sh\"\n";
			showEnvVarsInLog = 0;
		};
		EA95D245139EB5B222C4970C /* [CP] Embed Pods Frameworks */ = {
			isa = PBXShellScriptBuildPhase;
			buildActionMask = 2147483647;
			files = (
			);
			inputPaths = (
				"${SRCROOT}/Pods/Target Support Files/Pods-TraumaManualTests/Pods-TraumaManualTests-frameworks.sh",
				"${BUILT_PRODUCTS_DIR}/IGListKit/IGListKit.framework",
				"${BUILT_PRODUCTS_DIR}/SideMenu/SideMenu.framework",
			);
			name = "[CP] Embed Pods Frameworks";
			outputPaths = (
				"${TARGET_BUILD_DIR}/${FRAMEWORKS_FOLDER_PATH}/IGListKit.framework",
				"${TARGET_BUILD_DIR}/${FRAMEWORKS_FOLDER_PATH}/SideMenu.framework",
			);
			runOnlyForDeploymentPostprocessing = 0;
			shellPath = /bin/sh;
			shellScript = "\"${SRCROOT}/Pods/Target Support Files/Pods-TraumaManualTests/Pods-TraumaManualTests-frameworks.sh\"\n";
			showEnvVarsInLog = 0;
		};
		FF9DCA3E47436E5B76CF4D46 /* [CP] Check Pods Manifest.lock */ = {
			isa = PBXShellScriptBuildPhase;
			buildActionMask = 2147483647;
			files = (
			);
			inputPaths = (
				"${PODS_PODFILE_DIR_PATH}/Podfile.lock",
				"${PODS_ROOT}/Manifest.lock",
			);
			name = "[CP] Check Pods Manifest.lock";
			outputPaths = (
				"$(DERIVED_FILE_DIR)/Pods-TraumaManualUITests-checkManifestLockResult.txt",
			);
			runOnlyForDeploymentPostprocessing = 0;
			shellPath = /bin/sh;
			shellScript = "diff \"${PODS_PODFILE_DIR_PATH}/Podfile.lock\" \"${PODS_ROOT}/Manifest.lock\" > /dev/null\nif [ $? != 0 ] ; then\n    # print error to STDERR\n    echo \"error: The sandbox is not in sync with the Podfile.lock. Run 'pod install' or update your CocoaPods installation.\" >&2\n    exit 1\nfi\n# This output is used by Xcode 'outputs' to avoid re-running this script phase.\necho \"SUCCESS\" > \"${SCRIPT_OUTPUT_FILE_0}\"\n";
			showEnvVarsInLog = 0;
		};
/* End PBXShellScriptBuildPhase section */

/* Begin PBXSourcesBuildPhase section */
		E53B88CD1FEB21E100DDE1C1 /* Sources */ = {
			isa = PBXSourcesBuildPhase;
			buildActionMask = 2147483647;
			files = (
				E53B89111FF2AA2F00DDE1C1 /* AlgorithmViewController.swift in Sources */,
				E5A96EF92006F95300ABF765 /* Rules.swift in Sources */,
				E5A96EFF2006FD2D00ABF765 /* Schedule.swift in Sources */,
				E53B89221FF2B86500DDE1C1 /* Algorithm.swift in Sources */,
				E5A96F26200C578F00ABF765 /* MarkdownTextViewController.swift in Sources */,
				E5A96F022007004F00ABF765 /* ScheduleCollectionViewCell.swift in Sources */,
				E5A96F1C200C539800ABF765 /* AnswerCollectionViewCell.swift in Sources */,
				E5A96F3F200E877300ABF765 /* SideMenuViewController.swift in Sources */,
				E5A96EEF2006F63A00ABF765 /* FacultySectionController.swift in Sources */,
				E5A96F18200C4CB600ABF765 /* DayCollectionViewCell.swift in Sources */,
				E5A96F2B200C5B3900ABF765 /* ListTableViewController.swift in Sources */,
				E5A96EEC2006F62500ABF765 /* FacultyCollectionViewCell.swift in Sources */,
				E53B89181FF2AA7900DDE1C1 /* AlgorithmOverviewViewController.swift in Sources */,
				E5A96F23200C572F00ABF765 /* MarkdownText.swift in Sources */,
				E5A96F0A2007009800ABF765 /* RulesViewController.swift in Sources */,
				E5A96F062007006C00ABF765 /* ScheduleViewController.swift in Sources */,
				E53B89141FF2AA6600DDE1C1 /* AlgorithmQuestionnaireViewController.swift in Sources */,
				E53B88D51FEB21E100DDE1C1 /* AppDelegate.swift in Sources */,
				E5A96EF22006F77000ABF765 /* FacultyViewController.swift in Sources */,
				E5A96F0E200700EF00ABF765 /* RulesCollectionViewCell.swift in Sources */,
				E5A96EE92006F4DF00ABF765 /* Faculty.swift in Sources */,
				E5A96F43200EE32A00ABF765 /* ListTableViewCell.swift in Sources */,
				E5A96F132007011700ABF765 /* ScheduleSectionController.swift in Sources */,
				E5A96F15200C4C2B00ABF765 /* Extensions.swift in Sources */,
				E53B89201FF2B7AE00DDE1C1 /* TraumaModel.swift in Sources */,
				E5A96F112007010A00ABF765 /* RulesSectionController.swift in Sources */,
				E5A96EE32006F3D500ABF765 /* AlgorithmNodeCollectionViewCell.swift in Sources */,
				E5A96EE02006F34200ABF765 /* AlgorithmNodeSectionController.swift in Sources */,
			);
			runOnlyForDeploymentPostprocessing = 0;
		};
		E53B88E31FEB21E100DDE1C1 /* Sources */ = {
			isa = PBXSourcesBuildPhase;
			buildActionMask = 2147483647;
			files = (
				E53B88EC1FEB21E100DDE1C1 /* TraumaManualTests.swift in Sources */,
			);
			runOnlyForDeploymentPostprocessing = 0;
		};
		E53B88EE1FEB21E100DDE1C1 /* Sources */ = {
			isa = PBXSourcesBuildPhase;
			buildActionMask = 2147483647;
			files = (
				E53B88F71FEB21E100DDE1C1 /* TraumaManualUITests.swift in Sources */,
			);
			runOnlyForDeploymentPostprocessing = 0;
		};
/* End PBXSourcesBuildPhase section */

/* Begin PBXTargetDependency section */
		E53B88E91FEB21E100DDE1C1 /* PBXTargetDependency */ = {
			isa = PBXTargetDependency;
			target = E53B88D01FEB21E100DDE1C1 /* TraumaManual */;
			targetProxy = E53B88E81FEB21E100DDE1C1 /* PBXContainerItemProxy */;
		};
		E53B88F41FEB21E100DDE1C1 /* PBXTargetDependency */ = {
			isa = PBXTargetDependency;
			target = E53B88D01FEB21E100DDE1C1 /* TraumaManual */;
			targetProxy = E53B88F31FEB21E100DDE1C1 /* PBXContainerItemProxy */;
		};
/* End PBXTargetDependency section */

/* Begin PBXVariantGroup section */
		E53B88DA1FEB21E100DDE1C1 /* Main.storyboard */ = {
			isa = PBXVariantGroup;
			children = (
				E53B88DB1FEB21E100DDE1C1 /* Base */,
			);
			name = Main.storyboard;
			sourceTree = "<group>";
		};
		E53B88DF1FEB21E100DDE1C1 /* LaunchScreen.storyboard */ = {
			isa = PBXVariantGroup;
			children = (
				E53B88E01FEB21E100DDE1C1 /* Base */,
			);
			name = LaunchScreen.storyboard;
			sourceTree = "<group>";
		};
/* End PBXVariantGroup section */

/* Begin XCBuildConfiguration section */
		E53B88F91FEB21E100DDE1C1 /* Debug */ = {
			isa = XCBuildConfiguration;
			buildSettings = {
				ALWAYS_SEARCH_USER_PATHS = NO;
				CLANG_ANALYZER_NONNULL = YES;
				CLANG_ANALYZER_NUMBER_OBJECT_CONVERSION = YES_AGGRESSIVE;
				CLANG_CXX_LANGUAGE_STANDARD = "gnu++14";
				CLANG_CXX_LIBRARY = "libc++";
				CLANG_ENABLE_MODULES = YES;
				CLANG_ENABLE_OBJC_ARC = YES;
				CLANG_WARN_BLOCK_CAPTURE_AUTORELEASING = YES;
				CLANG_WARN_BOOL_CONVERSION = YES;
				CLANG_WARN_COMMA = YES;
				CLANG_WARN_CONSTANT_CONVERSION = YES;
				CLANG_WARN_DIRECT_OBJC_ISA_USAGE = YES_ERROR;
				CLANG_WARN_DOCUMENTATION_COMMENTS = YES;
				CLANG_WARN_EMPTY_BODY = YES;
				CLANG_WARN_ENUM_CONVERSION = YES;
				CLANG_WARN_INFINITE_RECURSION = YES;
				CLANG_WARN_INT_CONVERSION = YES;
				CLANG_WARN_NON_LITERAL_NULL_CONVERSION = YES;
				CLANG_WARN_OBJC_LITERAL_CONVERSION = YES;
				CLANG_WARN_OBJC_ROOT_CLASS = YES_ERROR;
				CLANG_WARN_RANGE_LOOP_ANALYSIS = YES;
				CLANG_WARN_STRICT_PROTOTYPES = YES;
				CLANG_WARN_SUSPICIOUS_MOVE = YES;
				CLANG_WARN_UNGUARDED_AVAILABILITY = YES_AGGRESSIVE;
				CLANG_WARN_UNREACHABLE_CODE = YES;
				CLANG_WARN__DUPLICATE_METHOD_MATCH = YES;
				CODE_SIGN_IDENTITY = "iPhone Developer";
				COPY_PHASE_STRIP = NO;
				DEBUG_INFORMATION_FORMAT = dwarf;
				ENABLE_STRICT_OBJC_MSGSEND = YES;
				ENABLE_TESTABILITY = YES;
				GCC_C_LANGUAGE_STANDARD = gnu11;
				GCC_DYNAMIC_NO_PIC = NO;
				GCC_NO_COMMON_BLOCKS = YES;
				GCC_OPTIMIZATION_LEVEL = 0;
				GCC_PREPROCESSOR_DEFINITIONS = (
					"DEBUG=1",
					"$(inherited)",
				);
				GCC_WARN_64_TO_32_BIT_CONVERSION = YES;
				GCC_WARN_ABOUT_RETURN_TYPE = YES_ERROR;
				GCC_WARN_UNDECLARED_SELECTOR = YES;
				GCC_WARN_UNINITIALIZED_AUTOS = YES_AGGRESSIVE;
				GCC_WARN_UNUSED_FUNCTION = YES;
				GCC_WARN_UNUSED_VARIABLE = YES;
				IPHONEOS_DEPLOYMENT_TARGET = 11.2;
				MTL_ENABLE_DEBUG_INFO = YES;
				ONLY_ACTIVE_ARCH = YES;
				SDKROOT = iphoneos;
				SWIFT_ACTIVE_COMPILATION_CONDITIONS = DEBUG;
				SWIFT_OPTIMIZATION_LEVEL = "-Onone";
			};
			name = Debug;
		};
		E53B88FA1FEB21E100DDE1C1 /* Release */ = {
			isa = XCBuildConfiguration;
			buildSettings = {
				ALWAYS_SEARCH_USER_PATHS = NO;
				CLANG_ANALYZER_NONNULL = YES;
				CLANG_ANALYZER_NUMBER_OBJECT_CONVERSION = YES_AGGRESSIVE;
				CLANG_CXX_LANGUAGE_STANDARD = "gnu++14";
				CLANG_CXX_LIBRARY = "libc++";
				CLANG_ENABLE_MODULES = YES;
				CLANG_ENABLE_OBJC_ARC = YES;
				CLANG_WARN_BLOCK_CAPTURE_AUTORELEASING = YES;
				CLANG_WARN_BOOL_CONVERSION = YES;
				CLANG_WARN_COMMA = YES;
				CLANG_WARN_CONSTANT_CONVERSION = YES;
				CLANG_WARN_DIRECT_OBJC_ISA_USAGE = YES_ERROR;
				CLANG_WARN_DOCUMENTATION_COMMENTS = YES;
				CLANG_WARN_EMPTY_BODY = YES;
				CLANG_WARN_ENUM_CONVERSION = YES;
				CLANG_WARN_INFINITE_RECURSION = YES;
				CLANG_WARN_INT_CONVERSION = YES;
				CLANG_WARN_NON_LITERAL_NULL_CONVERSION = YES;
				CLANG_WARN_OBJC_LITERAL_CONVERSION = YES;
				CLANG_WARN_OBJC_ROOT_CLASS = YES_ERROR;
				CLANG_WARN_RANGE_LOOP_ANALYSIS = YES;
				CLANG_WARN_STRICT_PROTOTYPES = YES;
				CLANG_WARN_SUSPICIOUS_MOVE = YES;
				CLANG_WARN_UNGUARDED_AVAILABILITY = YES_AGGRESSIVE;
				CLANG_WARN_UNREACHABLE_CODE = YES;
				CLANG_WARN__DUPLICATE_METHOD_MATCH = YES;
				CODE_SIGN_IDENTITY = "iPhone Developer";
				COPY_PHASE_STRIP = NO;
				DEBUG_INFORMATION_FORMAT = "dwarf-with-dsym";
				ENABLE_NS_ASSERTIONS = NO;
				ENABLE_STRICT_OBJC_MSGSEND = YES;
				GCC_C_LANGUAGE_STANDARD = gnu11;
				GCC_NO_COMMON_BLOCKS = YES;
				GCC_WARN_64_TO_32_BIT_CONVERSION = YES;
				GCC_WARN_ABOUT_RETURN_TYPE = YES_ERROR;
				GCC_WARN_UNDECLARED_SELECTOR = YES;
				GCC_WARN_UNINITIALIZED_AUTOS = YES_AGGRESSIVE;
				GCC_WARN_UNUSED_FUNCTION = YES;
				GCC_WARN_UNUSED_VARIABLE = YES;
				IPHONEOS_DEPLOYMENT_TARGET = 11.2;
				MTL_ENABLE_DEBUG_INFO = NO;
				SDKROOT = iphoneos;
				SWIFT_OPTIMIZATION_LEVEL = "-Owholemodule";
				VALIDATE_PRODUCT = YES;
			};
			name = Release;
		};
		E53B88FC1FEB21E100DDE1C1 /* Debug */ = {
			isa = XCBuildConfiguration;
			baseConfigurationReference = AD91312847021AF44F7C3CFB /* Pods-TraumaManual.debug.xcconfig */;
			buildSettings = {
				ASSETCATALOG_COMPILER_APPICON_NAME = AppIcon;
				CODE_SIGN_STYLE = Automatic;
				DEVELOPMENT_TEAM = C7JP59P2CX;
				INFOPLIST_FILE = TraumaManual/Info.plist;
				LD_RUNPATH_SEARCH_PATHS = "$(inherited) @executable_path/Frameworks";
				PRODUCT_BUNDLE_IDENTIFIER = com.furtek.TraumaManual;
				PRODUCT_NAME = "$(TARGET_NAME)";
				SWIFT_VERSION = 4.0;
				TARGETED_DEVICE_FAMILY = "1,2";
			};
			name = Debug;
		};
		E53B88FD1FEB21E100DDE1C1 /* Release */ = {
			isa = XCBuildConfiguration;
			baseConfigurationReference = 3613EC0AF1555137CC4450BF /* Pods-TraumaManual.release.xcconfig */;
			buildSettings = {
				ASSETCATALOG_COMPILER_APPICON_NAME = AppIcon;
				CODE_SIGN_STYLE = Automatic;
				DEVELOPMENT_TEAM = C7JP59P2CX;
				INFOPLIST_FILE = TraumaManual/Info.plist;
				LD_RUNPATH_SEARCH_PATHS = "$(inherited) @executable_path/Frameworks";
				PRODUCT_BUNDLE_IDENTIFIER = com.furtek.TraumaManual;
				PRODUCT_NAME = "$(TARGET_NAME)";
				SWIFT_VERSION = 4.0;
				TARGETED_DEVICE_FAMILY = "1,2";
			};
			name = Release;
		};
		E53B88FF1FEB21E100DDE1C1 /* Debug */ = {
			isa = XCBuildConfiguration;
			baseConfigurationReference = E90A39B40887DC0A229C0874 /* Pods-TraumaManualTests.debug.xcconfig */;
			buildSettings = {
				ALWAYS_EMBED_SWIFT_STANDARD_LIBRARIES = YES;
				BUNDLE_LOADER = "$(TEST_HOST)";
				CODE_SIGN_STYLE = Automatic;
				DEVELOPMENT_TEAM = C7JP59P2CX;
				INFOPLIST_FILE = TraumaManualTests/Info.plist;
				LD_RUNPATH_SEARCH_PATHS = "$(inherited) @executable_path/Frameworks @loader_path/Frameworks";
				PRODUCT_BUNDLE_IDENTIFIER = com.furtek.TraumaManualTests;
				PRODUCT_NAME = "$(TARGET_NAME)";
				SWIFT_VERSION = 4.0;
				TARGETED_DEVICE_FAMILY = "1,2";
				TEST_HOST = "$(BUILT_PRODUCTS_DIR)/TraumaManual.app/TraumaManual";
			};
			name = Debug;
		};
		E53B89001FEB21E100DDE1C1 /* Release */ = {
			isa = XCBuildConfiguration;
			baseConfigurationReference = BA3D9863474A3496A0EECA28 /* Pods-TraumaManualTests.release.xcconfig */;
			buildSettings = {
				ALWAYS_EMBED_SWIFT_STANDARD_LIBRARIES = YES;
				BUNDLE_LOADER = "$(TEST_HOST)";
				CODE_SIGN_STYLE = Automatic;
				DEVELOPMENT_TEAM = C7JP59P2CX;
				INFOPLIST_FILE = TraumaManualTests/Info.plist;
				LD_RUNPATH_SEARCH_PATHS = "$(inherited) @executable_path/Frameworks @loader_path/Frameworks";
				PRODUCT_BUNDLE_IDENTIFIER = com.furtek.TraumaManualTests;
				PRODUCT_NAME = "$(TARGET_NAME)";
				SWIFT_VERSION = 4.0;
				TARGETED_DEVICE_FAMILY = "1,2";
				TEST_HOST = "$(BUILT_PRODUCTS_DIR)/TraumaManual.app/TraumaManual";
			};
			name = Release;
		};
		E53B89021FEB21E100DDE1C1 /* Debug */ = {
			isa = XCBuildConfiguration;
			baseConfigurationReference = 8687FD57A1EE9C4BBAAF5ECA /* Pods-TraumaManualUITests.debug.xcconfig */;
			buildSettings = {
				ALWAYS_EMBED_SWIFT_STANDARD_LIBRARIES = YES;
				CODE_SIGN_STYLE = Automatic;
				DEVELOPMENT_TEAM = C7JP59P2CX;
				INFOPLIST_FILE = TraumaManualUITests/Info.plist;
				LD_RUNPATH_SEARCH_PATHS = "$(inherited) @executable_path/Frameworks @loader_path/Frameworks";
				PRODUCT_BUNDLE_IDENTIFIER = com.furtek.TraumaManualUITests;
				PRODUCT_NAME = "$(TARGET_NAME)";
				SWIFT_VERSION = 4.0;
				TARGETED_DEVICE_FAMILY = "1,2";
				TEST_TARGET_NAME = TraumaManual;
			};
			name = Debug;
		};
		E53B89031FEB21E100DDE1C1 /* Release */ = {
			isa = XCBuildConfiguration;
			baseConfigurationReference = EDDDA5AE20C2B75506769936 /* Pods-TraumaManualUITests.release.xcconfig */;
			buildSettings = {
				ALWAYS_EMBED_SWIFT_STANDARD_LIBRARIES = YES;
				CODE_SIGN_STYLE = Automatic;
				DEVELOPMENT_TEAM = C7JP59P2CX;
				INFOPLIST_FILE = TraumaManualUITests/Info.plist;
				LD_RUNPATH_SEARCH_PATHS = "$(inherited) @executable_path/Frameworks @loader_path/Frameworks";
				PRODUCT_BUNDLE_IDENTIFIER = com.furtek.TraumaManualUITests;
				PRODUCT_NAME = "$(TARGET_NAME)";
				SWIFT_VERSION = 4.0;
				TARGETED_DEVICE_FAMILY = "1,2";
				TEST_TARGET_NAME = TraumaManual;
			};
			name = Release;
		};
/* End XCBuildConfiguration section */

/* Begin XCConfigurationList section */
		E53B88CC1FEB21E100DDE1C1 /* Build configuration list for PBXProject "TraumaManual" */ = {
			isa = XCConfigurationList;
			buildConfigurations = (
				E53B88F91FEB21E100DDE1C1 /* Debug */,
				E53B88FA1FEB21E100DDE1C1 /* Release */,
			);
			defaultConfigurationIsVisible = 0;
			defaultConfigurationName = Release;
		};
		E53B88FB1FEB21E100DDE1C1 /* Build configuration list for PBXNativeTarget "TraumaManual" */ = {
			isa = XCConfigurationList;
			buildConfigurations = (
				E53B88FC1FEB21E100DDE1C1 /* Debug */,
				E53B88FD1FEB21E100DDE1C1 /* Release */,
			);
			defaultConfigurationIsVisible = 0;
			defaultConfigurationName = Release;
		};
		E53B88FE1FEB21E100DDE1C1 /* Build configuration list for PBXNativeTarget "TraumaManualTests" */ = {
			isa = XCConfigurationList;
			buildConfigurations = (
				E53B88FF1FEB21E100DDE1C1 /* Debug */,
				E53B89001FEB21E100DDE1C1 /* Release */,
			);
			defaultConfigurationIsVisible = 0;
			defaultConfigurationName = Release;
		};
		E53B89011FEB21E100DDE1C1 /* Build configuration list for PBXNativeTarget "TraumaManualUITests" */ = {
			isa = XCConfigurationList;
			buildConfigurations = (
				E53B89021FEB21E100DDE1C1 /* Debug */,
				E53B89031FEB21E100DDE1C1 /* Release */,
			);
			defaultConfigurationIsVisible = 0;
			defaultConfigurationName = Release;
		};
/* End XCConfigurationList section */
	};
	rootObject = E53B88C91FEB21E100DDE1C1 /* Project object */;
}
