PODS:
  - Down (0.4.2)
  - IGListKit (3.1.1):
    - IGListKit/Default (= 3.1.1)
  - IGListKit/Default (3.1.1):
    - IGListKit/Diffing
  - IGListKit/Diffing (3.1.1)
  - ImageScrollView (1.4)
  - PagingMenuController (2.2.0)
  - SideMenu (3.1.5)
  - TextFieldEffects (1.4.0)

DEPENDENCIES:
  - Down
  - IGListKit
  - ImageScrollView
  - PagingMenuController
  - SideMenu
  - TextFieldEffects

SPEC CHECKSUMS:
  Down: 92efba7c95a8efdb84b7114e365db4a37f3df76e
  IGListKit: cb97f405ae43e59fe1da74271e19427ec20d3c07
  ImageScrollView: 887523542097173da75172774e9800ee473bdccd
  PagingMenuController: 6176618987bb170096664f2da097313e45ed9c31
  SideMenu: 47dbf9e4d878062d8994aed43f6e4bf6c1fea30b
  TextFieldEffects: 4ee41b5216e674d55fb6ac25107bf1af7629176f

PODFILE CHECKSUM: 5608065d975df35c0cf71ff044983b9d9f71b55a

COCOAPODS: 1.4.0
